
Microsoft Visual Studio Solution File, Format Version 12.00
Project("{FAE04EC0-301F-11D3-BF4B-00C04F79EFBC}") = "WpfApp1", "WpfApp1\WpfApp1.csproj", "{076972E9-C15A-47D5-8173-8621E40B14E2}"
EndProject
Global
	GlobalSection(SolutionConfigurationPlatforms) = preSolution
		Debug|Any CPU = Debug|Any CPU
		Release|Any CPU = Release|Any CPU
	EndGlobalSection
	GlobalSection(ProjectConfigurationPlatforms) = postSolution
		{076972E9-C15A-47D5-8173-8621E40B14E2}.Debug|Any CPU.ActiveCfg = Debug|Any CPU
		{076972E9-C15A-47D5-8173-8621E40B14E2}.Debug|Any CPU.Build.0 = Debug|Any CPU
		{076972E9-C15A-47D5-8173-8621E40B14E2}.Release|Any CPU.ActiveCfg = Release|Any CPU
		{076972E9-C15A-47D5-8173-8621E40B14E2}.Release|Any CPU.Build.0 = Release|Any CPU
	EndGlobalSection
EndGlobal
